// !$*UTF8*$!
{
	archiveVersion = 1;
	classes = {
	};
	objectVersion = 46;
	objects = {

/* Begin PBXBuildFile section */
		5DDF4BEA1B1D8C1C00D6B3F9 /* main.m in Sources */ = {isa = PBXBuildFile; fileRef = 5DDF4BE91B1D8C1C00D6B3F9 /* main.m */; };
		5DDF4BED1B1D8C1C00D6B3F9 /* AppDelegate.m in Sources */ = {isa = PBXBuildFile; fileRef = 5DDF4BEC1B1D8C1C00D6B3F9 /* AppDelegate.m */; };
		5DDF4BF01B1D8C1C00D6B3F9 /* ViewController.m in Sources */ = {isa = PBXBuildFile; fileRef = 5DDF4BEF1B1D8C1C00D6B3F9 /* ViewController.m */; };
		5DDF4BF31B1D8C1C00D6B3F9 /* Main.storyboard in Resources */ = {isa = PBXBuildFile; fileRef = 5DDF4BF11B1D8C1C00D6B3F9 /* Main.storyboard */; };
		5DDF4BF51B1D8C1C00D6B3F9 /* Images.xcassets in Resources */ = {isa = PBXBuildFile; fileRef = 5DDF4BF41B1D8C1C00D6B3F9 /* Images.xcassets */; };
		5DDF4BF81B1D8C1C00D6B3F9 /* LaunchScreen.xib in Resources */ = {isa = PBXBuildFile; fileRef = 5DDF4BF61B1D8C1C00D6B3F9 /* LaunchScreen.xib */; };
		5DDF4C041B1D8C1C00D6B3F9 /* Test2Tests.m in Sources */ = {isa = PBXBuildFile; fileRef = 5DDF4C031B1D8C1C00D6B3F9 /* Test2Tests.m */; };
		F99B69ACC6AD4B2139E45B94 /* libPods.a in Frameworks */ = {isa = PBXBuildFile; fileRef = 419EDD1E4F6A5E2601BD38A7 /* libPods.a */; };
/* End PBXBuildFile section */

/* Begin PBXContainerItemProxy section */
		5DDF4BFE1B1D8C1C00D6B3F9 /* PBXContainerItemProxy */ = {
			isa = PBXContainerItemProxy;
			containerPortal = 5DDF4BDC1B1D8C1C00D6B3F9 /* Project object */;
			proxyType = 1;
			remoteGlobalIDString = 5DDF4BE31B1D8C1C00D6B3F9;
			remoteInfo = Test2;
		};
/* End PBXContainerItemProxy section */

/* Begin PBXFileReference section */
		419EDD1E4F6A5E2601BD38A7 /* libPods.a */ = {isa = PBXFileReference; explicitFileType = archive.ar; includeInIndex = 0; path = libPods.a; sourceTree = BUILT_PRODUCTS_DIR; };
		5DDF4BE41B1D8C1C00D6B3F9 /* Test2.app */ = {isa = PBXFileReference; explicitFileType = wrapper.application; includeInIndex = 0; path = Test2.app; sourceTree = BUILT_PRODUCTS_DIR; };
		5DDF4BE81B1D8C1C00D6B3F9 /* Info.plist */ = {isa = PBXFileReference; lastKnownFileType = text.plist.xml; path = Info.plist; sourceTree = "<group>"; };
		5DDF4BE91B1D8C1C00D6B3F9 /* main.m */ = {isa = PBXFileReference; lastKnownFileType = sourcecode.c.objc; path = main.m; sourceTree = "<group>"; };
		5DDF4BEB1B1D8C1C00D6B3F9 /* AppDelegate.h */ = {isa = PBXFileReference; lastKnownFileType = sourcecode.c.h; path = AppDelegate.h; sourceTree = "<group>"; };
		5DDF4BEC1B1D8C1C00D6B3F9 /* AppDelegate.m */ = {isa = PBXFileReference; lastKnownFileType = sourcecode.c.objc; path = AppDelegate.m; sourceTree = "<group>"; };
		5DDF4BEE1B1D8C1C00D6B3F9 /* ViewController.h */ = {isa = PBXFileReference; lastKnownFileType = sourcecode.c.h; path = ViewController.h; sourceTree = "<group>"; };
		5DDF4BEF1B1D8C1C00D6B3F9 /* ViewController.m */ = {isa = PBXFileReference; lastKnownFileType = sourcecode.c.objc; path = ViewController.m; sourceTree = "<group>"; };
		5DDF4BF21B1D8C1C00D6B3F9 /* Base */ = {isa = PBXFileReference; lastKnownFileType = file.storyboard; name = Base; path = Base.lproj/Main.storyboard; sourceTree = "<group>"; };
		5DDF4BF41B1D8C1C00D6B3F9 /* Images.xcassets */ = {isa = PBXFileReference; lastKnownFileType = folder.assetcatalog; path = Images.xcassets; sourceTree = "<group>"; };
		5DDF4BF71B1D8C1C00D6B3F9 /* Base */ = {isa = PBXFileReference; lastKnownFileType = file.xib; name = Base; path = Base.lproj/LaunchScreen.xib; sourceTree = "<group>"; };
		5DDF4BFD1B1D8C1C00D6B3F9 /* Test2Tests.xctest */ = {isa = PBXFileReference; explicitFileType = wrapper.cfbundle; includeInIndex = 0; path = Test2Tests.xctest; sourceTree = BUILT_PRODUCTS_DIR; };
		5DDF4C021B1D8C1C00D6B3F9 /* Info.plist */ = {isa = PBXFileReference; lastKnownFileType = text.plist.xml; path = Info.plist; sourceTree = "<group>"; };
		5DDF4C031B1D8C1C00D6B3F9 /* Test2Tests.m */ = {isa = PBXFileReference; lastKnownFileType = sourcecode.c.objc; path = Test2Tests.m; sourceTree = "<group>"; };
		6EA2410A1B1E7A218421FD01 /* Pods.debug.xcconfig */ = {isa = PBXFileReference; includeInIndex = 1; lastKnownFileType = text.xcconfig; name = Pods.debug.xcconfig; path = "Pods/Target Support Files/Pods/Pods.debug.xcconfig"; sourceTree = "<group>"; };
		8C9EC49D6FEC06E390F6594B /* Pods.release.xcconfig */ = {isa = PBXFileReference; includeInIndex = 1; lastKnownFileType = text.xcconfig; name = Pods.release.xcconfig; path = "Pods/Target Support Files/Pods/Pods.release.xcconfig"; sourceTree = "<group>"; };
/* End PBXFileReference section */

/* Begin PBXFrameworksBuildPhase section */
		5DDF4BE11B1D8C1C00D6B3F9 /* Frameworks */ = {
			isa = PBXFrameworksBuildPhase;
			buildActionMask = 2147483647;
			files = (
				F99B69ACC6AD4B2139E45B94 /* libPods.a in Frameworks */,
			);
			runOnlyForDeploymentPostprocessing = 0;
		};
		5DDF4BFA1B1D8C1C00D6B3F9 /* Frameworks */ = {
			isa = PBXFrameworksBuildPhase;
			buildActionMask = 2147483647;
			files = (
			);
			runOnlyForDeploymentPostprocessing = 0;
		};
/* End PBXFrameworksBuildPhase section */

/* Begin PBXGroup section */
		5DDF4BDB1B1D8C1C00D6B3F9 = {
			isa = PBXGroup;
			children = (
				5DDF4BE61B1D8C1C00D6B3F9 /* Test2 */,
				5DDF4C001B1D8C1C00D6B3F9 /* Test2Tests */,
				5DDF4BE51B1D8C1C00D6B3F9 /* Products */,
				7BDE7F87BDCD8B6A38F60FC9 /* Pods */,
				B6D2A7D4C81C004FEB917A06 /* Frameworks */,
			);
			sourceTree = "<group>";
		};
		5DDF4BE51B1D8C1C00D6B3F9 /* Products */ = {
			isa = PBXGroup;
			children = (
				5DDF4BE41B1D8C1C00D6B3F9 /* Test2.app */,
				5DDF4BFD1B1D8C1C00D6B3F9 /* Test2Tests.xctest */,
			);
			name = Products;
			sourceTree = "<group>";
		};
		5DDF4BE61B1D8C1C00D6B3F9 /* Test2 */ = {
			isa = PBXGroup;
			children = (
				5DDF4BEB1B1D8C1C00D6B3F9 /* AppDelegate.h */,
				5DDF4BEC1B1D8C1C00D6B3F9 /* AppDelegate.m */,
				5DDF4BEE1B1D8C1C00D6B3F9 /* ViewController.h */,
				5DDF4BEF1B1D8C1C00D6B3F9 /* ViewController.m */,
				5DDF4BF11B1D8C1C00D6B3F9 /* Main.storyboard */,
				5DDF4BF41B1D8C1C00D6B3F9 /* Images.xcassets */,
				5DDF4BF61B1D8C1C00D6B3F9 /* LaunchScreen.xib */,
				5DDF4BE71B1D8C1C00D6B3F9 /* Supporting Files */,
			);
			path = Test2;
			sourceTree = "<group>";
		};
		5DDF4BE71B1D8C1C00D6B3F9 /* Supporting Files */ = {
			isa = PBXGroup;
			children = (
				5DDF4BE81B1D8C1C00D6B3F9 /* Info.plist */,
				5DDF4BE91B1D8C1C00D6B3F9 /* main.m */,
			);
			name = "Supporting Files";
			sourceTree = "<group>";
		};
		5DDF4C001B1D8C1C00D6B3F9 /* Test2Tests */ = {
			isa = PBXGroup;
			children = (
				5DDF4C031B1D8C1C00D6B3F9 /* Test2Tests.m */,
				5DDF4C011B1D8C1C00D6B3F9 /* Supporting Files */,
			);
			path = Test2Tests;
			sourceTree = "<group>";
		};
		5DDF4C011B1D8C1C00D6B3F9 /* Supporting Files */ = {
			isa = PBXGroup;
			children = (
				5DDF4C021B1D8C1C00D6B3F9 /* Info.plist */,
			);
			name = "Supporting Files";
			sourceTree = "<group>";
		};
		7BDE7F87BDCD8B6A38F60FC9 /* Pods */ = {
			isa = PBXGroup;
			children = (
				6EA2410A1B1E7A218421FD01 /* Pods.debug.xcconfig */,
				8C9EC49D6FEC06E390F6594B /* Pods.release.xcconfig */,
			);
			name = Pods;
			sourceTree = "<group>";
		};
		B6D2A7D4C81C004FEB917A06 /* Frameworks */ = {
			isa = PBXGroup;
			children = (
				419EDD1E4F6A5E2601BD38A7 /* libPods.a */,
			);
			name = Frameworks;
			sourceTree = "<group>";
		};
/* End PBXGroup section */

/* Begin PBXNativeTarget section */
		5DDF4BE31B1D8C1C00D6B3F9 /* Test2 */ = {
			isa = PBXNativeTarget;
			buildConfigurationList = 5DDF4C071B1D8C1C00D6B3F9 /* Build configuration list for PBXNativeTarget "Test2" */;
			buildPhases = (
				5031DC8B56D3FCBFF4060EBE /* Check Pods Manifest.lock */,
				5DDF4BE01B1D8C1C00D6B3F9 /* Sources */,
				5DDF4BE11B1D8C1C00D6B3F9 /* Frameworks */,
				5DDF4BE21B1D8C1C00D6B3F9 /* Resources */,
				2FCD1EF48DE2E96C805F4C9D /* Embed Pods Frameworks */,
				32FF543A811D0A234ED94FEB /* Copy Pods Resources */,
			);
			buildRules = (
			);
			dependencies = (
			);
			name = Test2;
			productName = Test2;
			productReference = 5DDF4BE41B1D8C1C00D6B3F9 /* Test2.app */;
			productType = "com.apple.product-type.application";
		};
		5DDF4BFC1B1D8C1C00D6B3F9 /* Test2Tests */ = {
			isa = PBXNativeTarget;
			buildConfigurationList = 5DDF4C0A1B1D8C1C00D6B3F9 /* Build configuration list for PBXNativeTarget "Test2Tests" */;
			buildPhases = (
				5DDF4BF91B1D8C1C00D6B3F9 /* Sources */,
				5DDF4BFA1B1D8C1C00D6B3F9 /* Frameworks */,
				5DDF4BFB1B1D8C1C00D6B3F9 /* Resources */,
			);
			buildRules = (
			);
			dependencies = (
				5DDF4BFF1B1D8C1C00D6B3F9 /* PBXTargetDependency */,
			);
			name = Test2Tests;
			productName = Test2Tests;
			productReference = 5DDF4BFD1B1D8C1C00D6B3F9 /* Test2Tests.xctest */;
			productType = "com.apple.product-type.bundle.unit-test";
		};
/* End PBXNativeTarget section */

/* Begin PBXProject section */
		5DDF4BDC1B1D8C1C00D6B3F9 /* Project object */ = {
			isa = PBXProject;
			attributes = {
				LastUpgradeCheck = 0630;
				ORGANIZATIONNAME = jp.ac.jec.15cm;
				TargetAttributes = {
					5DDF4BE31B1D8C1C00D6B3F9 = {
						CreatedOnToolsVersion = 6.3.2;
						DevelopmentTeam = PTMZGU79QK;
					};
					5DDF4BFC1B1D8C1C00D6B3F9 = {
						CreatedOnToolsVersion = 6.3.2;
						TestTargetID = 5DDF4BE31B1D8C1C00D6B3F9;
					};
				};
			};
			buildConfigurationList = 5DDF4BDF1B1D8C1C00D6B3F9 /* Build configuration list for PBXProject "Test2" */;
			compatibilityVersion = "Xcode 3.2";
			developmentRegion = English;
			hasScannedForEncodings = 0;
			knownRegions = (
				en,
				Base,
			);
			mainGroup = 5DDF4BDB1B1D8C1C00D6B3F9;
			productRefGroup = 5DDF4BE51B1D8C1C00D6B3F9 /* Products */;
			projectDirPath = "";
			projectRoot = "";
			targets = (
				5DDF4BE31B1D8C1C00D6B3F9 /* Test2 */,
				5DDF4BFC1B1D8C1C00D6B3F9 /* Test2Tests */,
			);
		};
/* End PBXProject section */

/* Begin PBXResourcesBuildPhase section */
		5DDF4BE21B1D8C1C00D6B3F9 /* Resources */ = {
			isa = PBXResourcesBuildPhase;
			buildActionMask = 2147483647;
			files = (
				5DDF4BF31B1D8C1C00D6B3F9 /* Main.storyboard in Resources */,
				5DDF4BF81B1D8C1C00D6B3F9 /* LaunchScreen.xib in Resources */,
				5DDF4BF51B1D8C1C00D6B3F9 /* Images.xcassets in Resources */,
			);
			runOnlyForDeploymentPostprocessing = 0;
		};
		5DDF4BFB1B1D8C1C00D6B3F9 /* Resources */ = {
			isa = PBXResourcesBuildPhase;
			buildActionMask = 2147483647;
			files = (
			);
			runOnlyForDeploymentPostprocessing = 0;
		};
/* End PBXResourcesBuildPhase section */

/* Begin PBXShellScriptBuildPhase section */
		2FCD1EF48DE2E96C805F4C9D /* Embed Pods Frameworks */ = {
			isa = PBXShellScriptBuildPhase;
			buildActionMask = 2147483647;
			files = (
			);
			inputPaths = (
			);
			name = "Embed Pods Frameworks";
			outputPaths = (
			);
			runOnlyForDeploymentPostprocessing = 0;
			shellPath = /bin/sh;
			shellScript = "\"${SRCROOT}/Pods/Target Support Files/Pods/Pods-frameworks.sh\"\n";
			showEnvVarsInLog = 0;
		};
		32FF543A811D0A234ED94FEB /* Copy Pods Resources */ = {
			isa = PBXShellScriptBuildPhase;
			buildActionMask = 2147483647;
			files = (
			);
			inputPaths = (
			);
			name = "Copy Pods Resources";
			outputPaths = (
			);
			runOnlyForDeploymentPostprocessing = 0;
			shellPath = /bin/sh;
			shellScript = "\"${SRCROOT}/Pods/Target Support Files/Pods/Pods-resources.sh\"\n";
			showEnvVarsInLog = 0;
		};
		5031DC8B56D3FCBFF4060EBE /* Check Pods Manifest.lock */ = {
			isa = PBXShellScriptBuildPhase;
			buildActionMask = 2147483647;
			files = (
			);
			inputPaths = (
			);
			name = "Check Pods Manifest.lock";
			outputPaths = (
			);
			runOnlyForDeploymentPostprocessing = 0;
			shellPath = /bin/sh;
			shellScript = "diff \"${PODS_ROOT}/../Podfile.lock\" \"${PODS_ROOT}/Manifest.lock\" > /dev/null\nif [[ $? != 0 ]] ; then\n    cat << EOM\nerror: The sandbox is not in sync with the Podfile.lock. Run 'pod install' or update your CocoaPods installation.\nEOM\n    exit 1\nfi\n";
			showEnvVarsInLog = 0;
		};
/* End PBXShellScriptBuildPhase section */

/* Begin PBXSourcesBuildPhase section */
		5DDF4BE01B1D8C1C00D6B3F9 /* Sources */ = {
			isa = PBXSourcesBuildPhase;
			buildActionMask = 2147483647;
			files = (
				5DDF4BF01B1D8C1C00D6B3F9 /* ViewController.m in Sources */,
				5DDF4BED1B1D8C1C00D6B3F9 /* AppDelegate.m in Sources */,
				5DDF4BEA1B1D8C1C00D6B3F9 /* main.m in Sources */,
			);
			runOnlyForDeploymentPostprocessing = 0;
		};
		5DDF4BF91B1D8C1C00D6B3F9 /* Sources */ = {
			isa = PBXSourcesBuildPhase;
			buildActionMask = 2147483647;
			files = (
				5DDF4C041B1D8C1C00D6B3F9 /* Test2Tests.m in Sources */,
			);
			runOnlyForDeploymentPostprocessing = 0;
		};
/* End PBXSourcesBuildPhase section */

/* Begin PBXTargetDependency section */
		5DDF4BFF1B1D8C1C00D6B3F9 /* PBXTargetDependency */ = {
			isa = PBXTargetDependency;
			target = 5DDF4BE31B1D8C1C00D6B3F9 /* Test2 */;
			targetProxy = 5DDF4BFE1B1D8C1C00D6B3F9 /* PBXContainerItemProxy */;
		};
/* End PBXTargetDependency section */

/* Begin PBXVariantGroup section */
		5DDF4BF11B1D8C1C00D6B3F9 /* Main.storyboard */ = {
			isa = PBXVariantGroup;
			children = (
				5DDF4BF21B1D8C1C00D6B3F9 /* Base */,
			);
			name = Main.storyboard;
			sourceTree = "<group>";
		};
		5DDF4BF61B1D8C1C00D6B3F9 /* LaunchScreen.xib */ = {
			isa = PBXVariantGroup;
			children = (
				5DDF4BF71B1D8C1C00D6B3F9 /* Base */,
			);
			name = LaunchScreen.xib;
			sourceTree = "<group>";
		};
/* End PBXVariantGroup section */

/* Begin XCBuildConfiguration section */
		5DDF4C051B1D8C1C00D6B3F9 /* Debug */ = {
			isa = XCBuildConfiguration;
			buildSettings = {
				ALWAYS_SEARCH_USER_PATHS = NO;
				CLANG_CXX_LANGUAGE_STANDARD = "gnu++0x";
				CLANG_CXX_LIBRARY = "libc++";
				CLANG_ENABLE_MODULES = YES;
				CLANG_ENABLE_OBJC_ARC = YES;
				CLANG_WARN_BOOL_CONVERSION = YES;
				CLANG_WARN_CONSTANT_CONVERSION = YES;
				CLANG_WARN_DIRECT_OBJC_ISA_USAGE = YES_ERROR;
				CLANG_WARN_EMPTY_BODY = YES;
				CLANG_WARN_ENUM_CONVERSION = YES;
				CLANG_WARN_INT_CONVERSION = YES;
				CLANG_WARN_OBJC_ROOT_CLASS = YES_ERROR;
				CLANG_WARN_UNREACHABLE_CODE = YES;
				CLANG_WARN__DUPLICATE_METHOD_MATCH = YES;
				"CODE_SIGN_IDENTITY[sdk=iphoneos*]" = "iPhone Developer";
				COPY_PHASE_STRIP = NO;
				DEBUG_INFORMATION_FORMAT = "dwarf-with-dsym";
				ENABLE_STRICT_OBJC_MSGSEND = YES;
				GCC_C_LANGUAGE_STANDARD = gnu99;
				GCC_DYNAMIC_NO_PIC = NO;
				GCC_NO_COMMON_BLOCKS = YES;
				GCC_OPTIMIZATION_LEVEL = 0;
				GCC_PREPROCESSOR_DEFINITIONS = (
					"DEBUG=1",
					"$(inherited)",
				);
				GCC_SYMBOLS_PRIVATE_EXTERN = NO;
				GCC_WARN_64_TO_32_BIT_CONVERSION = YES;
				GCC_WARN_ABOUT_RETURN_TYPE = YES_ERROR;
				GCC_WARN_UNDECLARED_SELECTOR = YES;
				GCC_WARN_UNINITIALIZED_AUTOS = YES_AGGRESSIVE;
				GCC_WARN_UNUSED_FUNCTION = YES;
				GCC_WARN_UNUSED_VARIABLE = YES;
				IPHONEOS_DEPLOYMENT_TARGET = 8.3;
				MTL_ENABLE_DEBUG_INFO = YES;
				ONLY_ACTIVE_ARCH = YES;
				SDKROOT = iphoneos;
			};
			name = Debug;
		};
		5DDF4C061B1D8C1C00D6B3F9 /* Release */ = {
			isa = XCBuildConfiguration;
			buildSettings = {
				ALWAYS_SEARCH_USER_PATHS = NO;
				CLANG_CXX_LANGUAGE_STANDARD = "gnu++0x";
				CLANG_CXX_LIBRARY = "libc++";
				CLANG_ENABLE_MODULES = YES;
				CLANG_ENABLE_OBJC_ARC = YES;
				CLANG_WARN_BOOL_CONVERSION = YES;
				CLANG_WARN_CONSTANT_CONVERSION = YES;
				CLANG_WARN_DIRECT_OBJC_ISA_USAGE = YES_ERROR;
				CLANG_WARN_EMPTY_BODY = YES;
				CLANG_WARN_ENUM_CONVERSION = YES;
				CLANG_WARN_INT_CONVERSION = YES;
				CLANG_WARN_OBJC_ROOT_CLASS = YES_ERROR;
				CLANG_WARN_UNREACHABLE_CODE = YES;
				CLANG_WARN__DUPLICATE_METHOD_MATCH = YES;
				"CODE_SIGN_IDENTITY[sdk=iphoneos*]" = "iPhone Developer";
				COPY_PHASE_STRIP = NO;
				DEBUG_INFORMATION_FORMAT = "dwarf-with-dsym";
				ENABLE_NS_ASSERTIONS = NO;
				ENABLE_STRICT_OBJC_MSGSEND = YES;
				GCC_C_LANGUAGE_STANDARD = gnu99;
				GCC_NO_COMMON_BLOCKS = YES;
				GCC_WARN_64_TO_32_BIT_CONVERSION = YES;
				GCC_WARN_ABOUT_RETURN_TYPE = YES_ERROR;
				GCC_WARN_UNDECLARED_SELECTOR = YES;
				GCC_WARN_UNINITIALIZED_AUTOS = YES_AGGRESSIVE;
				GCC_WARN_UNUSED_FUNCTION = YES;
				GCC_WARN_UNUSED_VARIABLE = YES;
				IPHONEOS_DEPLOYMENT_TARGET = 8.3;
				MTL_ENABLE_DEBUG_INFO = NO;
				ONLY_ACTIVE_ARCH = NO;
				SDKROOT = iphoneos;
				VALIDATE_PRODUCT = YES;
			};
			name = Release;
		};
		5DDF4C081B1D8C1C00D6B3F9 /* Debug */ = {
			isa = XCBuildConfiguration;
			baseConfigurationReference = 6EA2410A1B1E7A218421FD01 /* Pods.debug.xcconfig */;
			buildSettings = {
				ASSETCATALOG_COMPILER_APPICON_NAME = AppIcon;
				CODE_SIGN_IDENTITY = "iPhone Developer";
				"CODE_SIGN_IDENTITY[sdk=iphoneos*]" = "iPhone Developer";
				INFOPLIST_FILE = Test2/Info.plist;
				LD_RUNPATH_SEARCH_PATHS = "$(inherited) @executable_path/Frameworks";
				PRODUCT_NAME = "$(TARGET_NAME)";
				PROVISIONING_PROFILE = "";
			};
			name = Debug;
		};
		5DDF4C091B1D8C1C00D6B3F9 /* Release */ = {
			isa = XCBuildConfiguration;
			baseConfigurationReference = 8C9EC49D6FEC06E390F6594B /* Pods.release.xcconfig */;
			buildSettings = {
				ASSETCATALOG_COMPILER_APPICON_NAME = AppIcon;
				CODE_SIGN_IDENTITY = "iPhone Developer";
				"CODE_SIGN_IDENTITY[sdk=iphoneos*]" = "iPhone Developer";
				INFOPLIST_FILE = Test2/Info.plist;
				LD_RUNPATH_SEARCH_PATHS = "$(inherited) @executable_path/Frameworks";
				PRODUCT_NAME = "$(TARGET_NAME)";
				PROVISIONING_PROFILE = "";
			};
			name = Release;
		};
		5DDF4C0B1B1D8C1C00D6B3F9 /* Debug */ = {
			isa = XCBuildConfiguration;
			buildSettings = {
				BUNDLE_LOADER = "$(TEST_HOST)";
				FRAMEWORK_SEARCH_PATHS = (
					"$(SDKROOT)/Developer/Library/Frameworks",
					"$(inherited)",
				);
				GCC_PREPROCESSOR_DEFINITIONS = (
					"DEBUG=1",
					"$(inherited)",
				);
				INFOPLIST_FILE = Test2Tests/Info.plist;
				LD_RUNPATH_SEARCH_PATHS = "$(inherited) @executable_path/Frameworks @loader_path/Frameworks";
				PRODUCT_NAME = "$(TARGET_NAME)";
				TEST_HOST = "$(BUILT_PRODUCTS_DIR)/Test2.app/Test2";
			};
			name = Debug;
		};
		5DDF4C0C1B1D8C1C00D6B3F9 /* Release */ = {
			isa = XCBuildConfiguration;
			buildSettings = {
				BUNDLE_LOADER = "$(TEST_HOST)";
				FRAMEWORK_SEARCH_PATHS = (
					"$(SDKROOT)/Developer/Library/Frameworks",
					"$(inherited)",
				);
				INFOPLIST_FILE = Test2Tests/Info.plist;
				LD_RUNPATH_SEARCH_PATHS = "$(inherited) @executable_path/Frameworks @loader_path/Frameworks";
				PRODUCT_NAME = "$(TARGET_NAME)";
				TEST_HOST = "$(BUILT_PRODUCTS_DIR)/Test2.app/Test2";
			};
			name = Release;
		};
/* End XCBuildConfiguration section */

/* Begin XCConfigurationList section */
		5DDF4BDF1B1D8C1C00D6B3F9 /* Build configuration list for PBXProject "Test2" */ = {
			isa = XCConfigurationList;
			buildConfigurations = (
				5DDF4C051B1D8C1C00D6B3F9 /* Debug */,
				5DDF4C061B1D8C1C00D6B3F9 /* Release */,
			);
			defaultConfigurationIsVisible = 0;
			defaultConfigurationName = Release;
		};
		5DDF4C071B1D8C1C00D6B3F9 /* Build configuration list for PBXNativeTarget "Test2" */ = {
			isa = XCConfigurationList;
			buildConfigurations = (
				5DDF4C081B1D8C1C00D6B3F9 /* Debug */,
				5DDF4C091B1D8C1C00D6B3F9 /* Release */,
			);
			defaultConfigurationIsVisible = 0;
			defaultConfigurationName = Release;
		};
		5DDF4C0A1B1D8C1C00D6B3F9 /* Build configuration list for PBXNativeTarget "Test2Tests" */ = {
			isa = XCConfigurationList;
			buildConfigurations = (
				5DDF4C0B1B1D8C1C00D6B3F9 /* Debug */,
				5DDF4C0C1B1D8C1C00D6B3F9 /* Release */,
			);
			defaultConfigurationIsVisible = 0;
			defaultConfigurationName = Release;
		};
/* End XCConfigurationList section */
	};
	rootObject = 5DDF4BDC1B1D8C1C00D6B3F9 /* Project object */;
}
